
Microsoft Visual Studio Solution File, Format Version 12.00
# Visual Studio 15
VisualStudioVersion = 15.0.26730.16
MinimumVisualStudioVersion = 10.0.40219.1
Project("{FAE04EC0-301F-11D3-BF4B-00C04F79EFBC}") = "uyu", "uyu.csproj", "{FF52B451-5149-4D88-AE54-AD5E285E03A1}"
EndProject
Global
	GlobalSection(SolutionConfigurationPlatforms) = preSolution
		Debug|Any CPU = Debug|Any CPU
		Release|Any CPU = Release|Any CPU
	EndGlobalSection
	GlobalSection(ProjectConfigurationPlatforms) = postSolution
		{FF52B451-5149-4D88-AE54-AD5E285E03A1}.Debug|Any CPU.ActiveCfg = Debug|Any CPU
		{FF52B451-5149-4D88-AE54-AD5E285E03A1}.Debug|Any CPU.Build.0 = Debug|Any CPU
		{FF52B451-5149-4D88-AE54-AD5E285E03A1}.Release|Any CPU.ActiveCfg = Release|Any CPU
		{FF52B451-5149-4D88-AE54-AD5E285E03A1}.Release|Any CPU.Build.0 = Release|Any CPU
	EndGlobalSection
	GlobalSection(SolutionProperties) = preSolution
		HideSolutionNode = FALSE
	EndGlobalSection
	GlobalSection(ExtensibilityGlobals) = postSolution
		SolutionGuid = {0454BE6F-3CC1-41D8-B053-0AA3FBBA866B}
	EndGlobalSection
EndGlobal
